
Microsoft Visual Studio Solution File, Format Version 12.00
# Visual Studio Version 17
VisualStudioVersion = 17.6.33717.318
MinimumVisualStudioVersion = 10.0.40219.1
Project("{FAE04EC0-301F-11D3-BF4B-00C04F79EFBC}") = "ChatApp", "ChatApp\ChatApp.csproj", "{C4AC4433-E1A4-4AE2-BD85-B6AED0D111CC}"
EndProject
Project("{FAE04EC0-301F-11D3-BF4B-00C04F79EFBC}") = "ChatServer", "ChatServer\ChatServer.csproj", "{A0765AC4-C7DA-4AC1-A990-63DE1412A552}"
EndProject
Global
	GlobalSection(SolutionConfigurationPlatforms) = preSolution
		Debug|Any CPU = Debug|Any CPU
		Release|Any CPU = Release|Any CPU
	EndGlobalSection
	GlobalSection(ProjectConfigurationPlatforms) = postSolution
		{C4AC4433-E1A4-4AE2-BD85-B6AED0D111CC}.Debug|Any CPU.ActiveCfg = Debug|Any CPU
		{C4AC4433-E1A4-4AE2-BD85-B6AED0D111CC}.Debug|Any CPU.Build.0 = Debug|Any CPU
		{C4AC4433-E1A4-4AE2-BD85-B6AED0D111CC}.Release|Any CPU.ActiveCfg = Release|Any CPU
		{C4AC4433-E1A4-4AE2-BD85-B6AED0D111CC}.Release|Any CPU.Build.0 = Release|Any CPU
		{A0765AC4-C7DA-4AC1-A990-63DE1412A552}.Debug|Any CPU.ActiveCfg = Debug|Any CPU
		{A0765AC4-C7DA-4AC1-A990-63DE1412A552}.Debug|Any CPU.Build.0 = Debug|Any CPU
		{A0765AC4-C7DA-4AC1-A990-63DE1412A552}.Release|Any CPU.ActiveCfg = Release|Any CPU
		{A0765AC4-C7DA-4AC1-A990-63DE1412A552}.Release|Any CPU.Build.0 = Release|Any CPU
	EndGlobalSection
	GlobalSection(SolutionProperties) = preSolution
		HideSolutionNode = FALSE
	EndGlobalSection
	GlobalSection(ExtensibilityGlobals) = postSolution
		SolutionGuid = {9818F6F8-F09C-4F77-AAE3-C2CAA4F234F4}
	EndGlobalSection
EndGlobal
